// !$*UTF8*$!
{
	archiveVersion = 1;
	classes = {
	};
	objectVersion = 50;
	objects = {

/* Begin PBXBuildFile section */
		1C2364092385F445009E6E59 /* AppDelegate.swift in Sources */ = {isa = PBXBuildFile; fileRef = 1C2364082385F445009E6E59 /* AppDelegate.swift */; };
		1C23640B2385F445009E6E59 /* SceneDelegate.swift in Sources */ = {isa = PBXBuildFile; fileRef = 1C23640A2385F445009E6E59 /* SceneDelegate.swift */; };
		1C23640D2385F445009E6E59 /* ContentView.swift in Sources */ = {isa = PBXBuildFile; fileRef = 1C23640C2385F445009E6E59 /* ContentView.swift */; };
		1C23640F2385F447009E6E59 /* Assets.xcassets in Resources */ = {isa = PBXBuildFile; fileRef = 1C23640E2385F447009E6E59 /* Assets.xcassets */; };
		1C2364122385F447009E6E59 /* Preview Assets.xcassets in Resources */ = {isa = PBXBuildFile; fileRef = 1C2364112385F447009E6E59 /* Preview Assets.xcassets */; };
		1C2364152385F447009E6E59 /* LaunchScreen.storyboard in Resources */ = {isa = PBXBuildFile; fileRef = 1C2364132385F447009E6E59 /* LaunchScreen.storyboard */; };
/* End PBXBuildFile section */

/* Begin PBXFileReference section */
		1C2364052385F445009E6E59 /* Day 23 - ViewModifiers.app */ = {isa = PBXFileReference; explicitFileType = wrapper.application; includeInIndex = 0; path = "Day 23 - ViewModifiers.app"; sourceTree = BUILT_PRODUCTS_DIR; };
		1C2364082385F445009E6E59 /* AppDelegate.swift */ = {isa = PBXFileReference; lastKnownFileType = sourcecode.swift; path = AppDelegate.swift; sourceTree = "<group>"; };
		1C23640A2385F445009E6E59 /* SceneDelegate.swift */ = {isa = PBXFileReference; lastKnownFileType = sourcecode.swift; path = SceneDelegate.swift; sourceTree = "<group>"; };
		1C23640C2385F445009E6E59 /* ContentView.swift */ = {isa = PBXFileReference; lastKnownFileType = sourcecode.swift; path = ContentView.swift; sourceTree = "<group>"; };
		1C23640E2385F447009E6E59 /* Assets.xcassets */ = {isa = PBXFileReference; lastKnownFileType = folder.assetcatalog; path = Assets.xcassets; sourceTree = "<group>"; };
		1C2364112385F447009E6E59 /* Preview Assets.xcassets */ = {isa = PBXFileReference; lastKnownFileType = folder.assetcatalog; path = "Preview Assets.xcassets"; sourceTree = "<group>"; };
		1C2364142385F447009E6E59 /* Base */ = {isa = PBXFileReference; lastKnownFileType = file.storyboard; name = Base; path = Base.lproj/LaunchScreen.storyboard; sourceTree = "<group>"; };
		1C2364162385F447009E6E59 /* Info.plist */ = {isa = PBXFileReference; lastKnownFileType = text.plist.xml; path = Info.plist; sourceTree = "<group>"; };
/* End PBXFileReference section */

/* Begin PBXFrameworksBuildPhase section */
		1C2364022385F445009E6E59 /* Frameworks */ = {
			isa = PBXFrameworksBuildPhase;
			buildActionMask = 2147483647;
			files = (
			);
			runOnlyForDeploymentPostprocessing = 0;
		};
/* End PBXFrameworksBuildPhase section */

/* Begin PBXGroup section */
		1C2363FC2385F445009E6E59 = {
			isa = PBXGroup;
			children = (
				1C2364072385F445009E6E59 /* Day 23 - ViewModifiers */,
				1C2364062385F445009E6E59 /* Products */,
			);
			sourceTree = "<group>";
		};
		1C2364062385F445009E6E59 /* Products */ = {
			isa = PBXGroup;
			children = (
				1C2364052385F445009E6E59 /* Day 23 - ViewModifiers.app */,
			);
			name = Products;
			sourceTree = "<group>";
		};
		1C2364072385F445009E6E59 /* Day 23 - ViewModifiers */ = {
			isa = PBXGroup;
			children = (
				1C2364082385F445009E6E59 /* AppDelegate.swift */,
				1C23640A2385F445009E6E59 /* SceneDelegate.swift */,
				1C23640C2385F445009E6E59 /* ContentView.swift */,
				1C23640E2385F447009E6E59 /* Assets.xcassets */,
				1C2364132385F447009E6E59 /* LaunchScreen.storyboard */,
				1C2364162385F447009E6E59 /* Info.plist */,
				1C2364102385F447009E6E59 /* Preview Content */,
			);
			path = "Day 23 - ViewModifiers";
			sourceTree = "<group>";
		};
		1C2364102385F447009E6E59 /* Preview Content */ = {
			isa = PBXGroup;
			children = (
				1C2364112385F447009E6E59 /* Preview Assets.xcassets */,
			);
			path = "Preview Content";
			sourceTree = "<group>";
		};
/* End PBXGroup section */

/* Begin PBXNativeTarget section */
		1C2364042385F445009E6E59 /* Day 23 - ViewModifiers */ = {
			isa = PBXNativeTarget;
			buildConfigurationList = 1C2364192385F447009E6E59 /* Build configuration list for PBXNativeTarget "Day 23 - ViewModifiers" */;
			buildPhases = (
				1C2364012385F445009E6E59 /* Sources */,
				1C2364022385F445009E6E59 /* Frameworks */,
				1C2364032385F445009E6E59 /* Resources */,
			);
			buildRules = (
			);
			dependencies = (
			);
			name = "Day 23 - ViewModifiers";
			productName = "Day 23 - ViewModifiers";
			productReference = 1C2364052385F445009E6E59 /* Day 23 - ViewModifiers.app */;
			productType = "com.apple.product-type.application";
		};
/* End PBXNativeTarget section */

/* Begin PBXProject section */
		1C2363FD2385F445009E6E59 /* Project object */ = {
			isa = PBXProject;
			attributes = {
				LastSwiftUpdateCheck = 1110;
				LastUpgradeCheck = 1110;
				ORGANIZATIONNAME = "Timi Tejumola";
				TargetAttributes = {
					1C2364042385F445009E6E59 = {
						CreatedOnToolsVersion = 11.1;
					};
				};
			};
			buildConfigurationList = 1C2364002385F445009E6E59 /* Build configuration list for PBXProject "Day 23 - ViewModifiers" */;
			compatibilityVersion = "Xcode 9.3";
			developmentRegion = en;
			hasScannedForEncodings = 0;
			knownRegions = (
				en,
				Base,
			);
			mainGroup = 1C2363FC2385F445009E6E59;
			productRefGroup = 1C2364062385F445009E6E59 /* Products */;
			projectDirPath = "";
			projectRoot = "";
			targets = (
				1C2364042385F445009E6E59 /* Day 23 - ViewModifiers */,
			);
		};
/* End PBXProject section */

/* Begin PBXResourcesBuildPhase section */
		1C2364032385F445009E6E59 /* Resources */ = {
			isa = PBXResourcesBuildPhase;
			buildActionMask = 2147483647;
			files = (
				1C2364152385F447009E6E59 /* LaunchScreen.storyboard in Resources */,
				1C2364122385F447009E6E59 /* Preview Assets.xcassets in Resources */,
				1C23640F2385F447009E6E59 /* Assets.xcassets in Resources */,
			);
			runOnlyForDeploymentPostprocessing = 0;
		};
/* End PBXResourcesBuildPhase section */

/* Begin PBXSourcesBuildPhase section */
		1C2364012385F445009E6E59 /* Sources */ = {
			isa = PBXSourcesBuildPhase;
			buildActionMask = 2147483647;
			files = (
				1C2364092385F445009E6E59 /* AppDelegate.swift in Sources */,
				1C23640B2385F445009E6E59 /* SceneDelegate.swift in Sources */,
				1C23640D2385F445009E6E59 /* ContentView.swift in Sources */,
			);
			runOnlyForDeploymentPostprocessing = 0;
		};
/* End PBXSourcesBuildPhase section */

/* Begin PBXVariantGroup section */
		1C2364132385F447009E6E59 /* LaunchScreen.storyboard */ = {
			isa = PBXVariantGroup;
			children = (
				1C2364142385F447009E6E59 /* Base */,
			);
			name = LaunchScreen.storyboard;
			sourceTree = "<group>";
		};
/* End PBXVariantGroup section */

/* Begin XCBuildConfiguration section */
		1C2364172385F447009E6E59 /* Debug */ = {
			isa = XCBuildConfiguration;
			buildSettings = {
				ALWAYS_SEARCH_USER_PATHS = NO;
				CLANG_ANALYZER_NONNULL = YES;
				CLANG_ANALYZER_NUMBER_OBJECT_CONVERSION = YES_AGGRESSIVE;
				CLANG_CXX_LANGUAGE_STANDARD = "gnu++14";
				CLANG_CXX_LIBRARY = "libc++";
				CLANG_ENABLE_MODULES = YES;
				CLANG_ENABLE_OBJC_ARC = YES;
				CLANG_ENABLE_OBJC_WEAK = YES;
				CLANG_WARN_BLOCK_CAPTURE_AUTORELEASING = YES;
				CLANG_WARN_BOOL_CONVERSION = YES;
				CLANG_WARN_COMMA = YES;
				CLANG_WARN_CONSTANT_CONVERSION = YES;
				CLANG_WARN_DEPRECATED_OBJC_IMPLEMENTATIONS = YES;
				CLANG_WARN_DIRECT_OBJC_ISA_USAGE = YES_ERROR;
				CLANG_WARN_DOCUMENTATION_COMMENTS = YES;
				CLANG_WARN_EMPTY_BODY = YES;
				CLANG_WARN_ENUM_CONVERSION = YES;
				CLANG_WARN_INFINITE_RECURSION = YES;
				CLANG_WARN_INT_CONVERSION = YES;
				CLANG_WARN_NON_LITERAL_NULL_CONVERSION = YES;
				CLANG_WARN_OBJC_IMPLICIT_RETAIN_SELF = YES;
				CLANG_WARN_OBJC_LITERAL_CONVERSION = YES;
				CLANG_WARN_OBJC_ROOT_CLASS = YES_ERROR;
				CLANG_WARN_RANGE_LOOP_ANALYSIS = YES;
				CLANG_WARN_STRICT_PROTOTYPES = YES;
				CLANG_WARN_SUSPICIOUS_MOVE = YES;
				CLANG_WARN_UNGUARDED_AVAILABILITY = YES_AGGRESSIVE;
				CLANG_WARN_UNREACHABLE_CODE = YES;
				CLANG_WARN__DUPLICATE_METHOD_MATCH = YES;
				COPY_PHASE_STRIP = NO;
				DEBUG_INFORMATION_FORMAT = dwarf;
				ENABLE_STRICT_OBJC_MSGSEND = YES;
				ENABLE_TESTABILITY = YES;
				GCC_C_LANGUAGE_STANDARD = gnu11;
				GCC_DYNAMIC_NO_PIC = NO;
				GCC_NO_COMMON_BLOCKS = YES;
				GCC_OPTIMIZATION_LEVEL = 0;
				GCC_PREPROCESSOR_DEFINITIONS = (
					"DEBUG=1",
					"$(inherited)",
				);
				GCC_WARN_64_TO_32_BIT_CONVERSION = YES;
				GCC_WARN_ABOUT_RETURN_TYPE = YES_ERROR;
				GCC_WARN_UNDECLARED_SELECTOR = YES;
				GCC_WARN_UNINITIALIZED_AUTOS = YES_AGGRESSIVE;
				GCC_WARN_UNUSED_FUNCTION = YES;
				GCC_WARN_UNUSED_VARIABLE = YES;
				IPHONEOS_DEPLOYMENT_TARGET = 13.1;
				MTL_ENABLE_DEBUG_INFO = INCLUDE_SOURCE;
				MTL_FAST_MATH = YES;
				ONLY_ACTIVE_ARCH = YES;
				SDKROOT = iphoneos;
				SWIFT_ACTIVE_COMPILATION_CONDITIONS = DEBUG;
				SWIFT_OPTIMIZATION_LEVEL = "-Onone";
			};
			name = Debug;
		};
		1C2364182385F447009E6E59 /* Release */ = {
			isa = XCBuildConfiguration;
			buildSettings = {
				ALWAYS_SEARCH_USER_PATHS = NO;
				CLANG_ANALYZER_NONNULL = YES;
				CLANG_ANALYZER_NUMBER_OBJECT_CONVERSION = YES_AGGRESSIVE;
				CLANG_CXX_LANGUAGE_STANDARD = "gnu++14";
				CLANG_CXX_LIBRARY = "libc++";
				CLANG_ENABLE_MODULES = YES;
				CLANG_ENABLE_OBJC_ARC = YES;
				CLANG_ENABLE_OBJC_WEAK = YES;
				CLANG_WARN_BLOCK_CAPTURE_AUTORELEASING = YES;
				CLANG_WARN_BOOL_CONVERSION = YES;
				CLANG_WARN_COMMA = YES;
				CLANG_WARN_CONSTANT_CONVERSION = YES;
				CLANG_WARN_DEPRECATED_OBJC_IMPLEMENTATIONS = YES;
				CLANG_WARN_DIRECT_OBJC_ISA_USAGE = YES_ERROR;
				CLANG_WARN_DOCUMENTATION_COMMENTS = YES;
				CLANG_WARN_EMPTY_BODY = YES;
				CLANG_WARN_ENUM_CONVERSION = YES;
				CLANG_WARN_INFINITE_RECURSION = YES;
				CLANG_WARN_INT_CONVERSION = YES;
				CLANG_WARN_NON_LITERAL_NULL_CONVERSION = YES;
				CLANG_WARN_OBJC_IMPLICIT_RETAIN_SELF = YES;
				CLANG_WARN_OBJC_LITERAL_CONVERSION = YES;
				CLANG_WARN_OBJC_ROOT_CLASS = YES_ERROR;
				CLANG_WARN_RANGE_LOOP_ANALYSIS = YES;
				CLANG_WARN_STRICT_PROTOTYPES = YES;
				CLANG_WARN_SUSPICIOUS_MOVE = YES;
				CLANG_WARN_UNGUARDED_AVAILABILITY = YES_AGGRESSIVE;
				CLANG_WARN_UNREACHABLE_CODE = YES;
				CLANG_WARN__DUPLICATE_METHOD_MATCH = YES;
				COPY_PHASE_STRIP = NO;
				DEBUG_INFORMATION_FORMAT = "dwarf-with-dsym";
				ENABLE_NS_ASSERTIONS = NO;
				ENABLE_STRICT_OBJC_MSGSEND = YES;
				GCC_C_LANGUAGE_STANDARD = gnu11;
				GCC_NO_COMMON_BLOCKS = YES;
				GCC_WARN_64_TO_32_BIT_CONVERSION = YES;
				GCC_WARN_ABOUT_RETURN_TYPE = YES_ERROR;
				GCC_WARN_UNDECLARED_SELECTOR = YES;
				GCC_WARN_UNINITIALIZED_AUTOS = YES_AGGRESSIVE;
				GCC_WARN_UNUSED_FUNCTION = YES;
				GCC_WARN_UNUSED_VARIABLE = YES;
				IPHONEOS_DEPLOYMENT_TARGET = 13.1;
				MTL_ENABLE_DEBUG_INFO = NO;
				MTL_FAST_MATH = YES;
				SDKROOT = iphoneos;
				SWIFT_COMPILATION_MODE = wholemodule;
				SWIFT_OPTIMIZATION_LEVEL = "-O";
				VALIDATE_PRODUCT = YES;
			};
			name = Release;
		};
		1C23641A2385F447009E6E59 /* Debug */ = {
			isa = XCBuildConfiguration;
			buildSettings = {
				ASSETCATALOG_COMPILER_APPICON_NAME = AppIcon;
				CODE_SIGN_STYLE = Automatic;
				DEVELOPMENT_ASSET_PATHS = "\"Day 23 - ViewModifiers/Preview Content\"";
				DEVELOPMENT_TEAM = 4D76457L5H;
				ENABLE_PREVIEWS = YES;
				INFOPLIST_FILE = "Day 23 - ViewModifiers/Info.plist";
				LD_RUNPATH_SEARCH_PATHS = (
					"$(inherited)",
					"@executable_path/Frameworks",
				);
				PRODUCT_BUNDLE_IDENTIFIER = "timicodes.Day-23---ViewModifiers";
				PRODUCT_NAME = "$(TARGET_NAME)";
				SWIFT_VERSION = 5.0;
				TARGETED_DEVICE_FAMILY = "1,2";
			};
			name = Debug;
		};
		1C23641B2385F447009E6E59 /* Release */ = {
			isa = XCBuildConfiguration;
			buildSettings = {
				ASSETCATALOG_COMPILER_APPICON_NAME = AppIcon;
				CODE_SIGN_STYLE = Automatic;
				DEVELOPMENT_ASSET_PATHS = "\"Day 23 - ViewModifiers/Preview Content\"";
				DEVELOPMENT_TEAM = 4D76457L5H;
				ENABLE_PREVIEWS = YES;
				INFOPLIST_FILE = "Day 23 - ViewModifiers/Info.plist";
				LD_RUNPATH_SEARCH_PATHS = (
					"$(inherited)",
					"@executable_path/Frameworks",
				);
				PRODUCT_BUNDLE_IDENTIFIER = "timicodes.Day-23---ViewModifiers";
				PRODUCT_NAME = "$(TARGET_NAME)";
				SWIFT_VERSION = 5.0;
				TARGETED_DEVICE_FAMILY = "1,2";
			};
			name = Release;
		};
/* End XCBuildConfiguration section */

/* Begin XCConfigurationList section */
		1C2364002385F445009E6E59 /* Build configuration list for PBXProject "Day 23 - ViewModifiers" */ = {
			isa = XCConfigurationList;
			buildConfigurations = (
				1C2364172385F447009E6E59 /* Debug */,
				1C2364182385F447009E6E59 /* Release */,
			);
			defaultConfigurationIsVisible = 0;
			defaultConfigurationName = Release;
		};
		1C2364192385F447009E6E59 /* Build configuration list for PBXNativeTarget "Day 23 - ViewModifiers" */ = {
			isa = XCConfigurationList;
			buildConfigurations = (
				1C23641A2385F447009E6E59 /* Debug */,
				1C23641B2385F447009E6E59 /* Release */,
			);
			defaultConfigurationIsVisible = 0;
			defaultConfigurationName = Release;
		};
/* End XCConfigurationList section */
	};
	rootObject = 1C2363FD2385F445009E6E59 /* Project object */;
}
